
Microsoft Visual Studio Solution File, Format Version 12.00
# Visual Studio 15
VisualStudioVersion = 15.0.25807.0
MinimumVisualStudioVersion = 10.0.40219.1
Project("{2150E333-8FDC-42A3-9474-1A3956D46DE8}") = "Engine", "Engine", "{32B63E26-5F94-4D17-8F92-19C2A86A8361}"
EndProject
Project("{2150E333-8FDC-42A3-9474-1A3956D46DE8}") = "Games", "Games", "{49974785-11CF-43E7-A950-121AD220E448}"
EndProject
Project("{8BC9CEB8-8B4A-11D0-8D11-00A0C91BC942}") = "Base2", "Intermediate\ProjectFiles\Base2.vcxproj", "{00144124-9DC8-4308-9265-3B6EBD23C9DB}"
EndProject
Project("{8BC9CEB8-8B4A-11D0-8D11-00A0C91BC942}") = "UE4", "Intermediate\ProjectFiles\UE4.vcxproj", "{37E6D443-E130-4E2E-8046-1708C4D0777A}"
EndProject
Project("{2150E333-8FDC-42A3-9474-1A3956D46DE8}") = "Visualizers", "Visualizers", "{EBA66EFE-B638-4415-85F4-E1990F9E37FA}"
	ProjectSection(SolutionItems) = preProject
		..\..\UE_4.21\Engine\Extras\VisualStudioDebugging\UE4.natvis = ..\..\UE_4.21\Engine\Extras\VisualStudioDebugging\UE4.natvis
	EndProjectSection
EndProject
Global
	GlobalSection(SolutionConfigurationPlatforms) = preSolution
		DebugGame Editor|HTML5 = DebugGame Editor|HTML5
		DebugGame Editor|Win32 = DebugGame Editor|Win32
		DebugGame Editor|Win64 = DebugGame Editor|Win64
		DebugGame|HTML5 = DebugGame|HTML5
		DebugGame|Win32 = DebugGame|Win32
		DebugGame|Win64 = DebugGame|Win64
		Development Editor|HTML5 = Development Editor|HTML5
		Development Editor|Win32 = Development Editor|Win32
		Development Editor|Win64 = Development Editor|Win64
		Development|HTML5 = Development|HTML5
		Development|Win32 = Development|Win32
		Development|Win64 = Development|Win64
		Shipping|HTML5 = Shipping|HTML5
		Shipping|Win32 = Shipping|Win32
		Shipping|Win64 = Shipping|Win64
	EndGlobalSection
	GlobalSection(ProjectConfigurationPlatforms) = postSolution
		{00144124-9DC8-4308-9265-3B6EBD23C9DB}.DebugGame Editor|HTML5.ActiveCfg = Invalid|Win32
		{00144124-9DC8-4308-9265-3B6EBD23C9DB}.DebugGame Editor|Win32.ActiveCfg = Invalid|Win32
		{00144124-9DC8-4308-9265-3B6EBD23C9DB}.DebugGame Editor|Win64.ActiveCfg = DebugGame_Editor|x64
		{00144124-9DC8-4308-9265-3B6EBD23C9DB}.DebugGame Editor|Win64.Build.0 = DebugGame_Editor|x64
		{00144124-9DC8-4308-9265-3B6EBD23C9DB}.DebugGame|HTML5.ActiveCfg = HTML5_DebugGame|Win32
		{00144124-9DC8-4308-9265-3B6EBD23C9DB}.DebugGame|HTML5.Build.0 = HTML5_DebugGame|Win32
		{00144124-9DC8-4308-9265-3B6EBD23C9DB}.DebugGame|Win32.ActiveCfg = DebugGame|Win32
		{00144124-9DC8-4308-9265-3B6EBD23C9DB}.DebugGame|Win32.Build.0 = DebugGame|Win32
		{00144124-9DC8-4308-9265-3B6EBD23C9DB}.DebugGame|Win64.ActiveCfg = DebugGame|x64
		{00144124-9DC8-4308-9265-3B6EBD23C9DB}.DebugGame|Win64.Build.0 = DebugGame|x64
		{00144124-9DC8-4308-9265-3B6EBD23C9DB}.Development Editor|HTML5.ActiveCfg = Invalid|Win32
		{00144124-9DC8-4308-9265-3B6EBD23C9DB}.Development Editor|Win32.ActiveCfg = Invalid|Win32
		{00144124-9DC8-4308-9265-3B6EBD23C9DB}.Development Editor|Win64.ActiveCfg = Development_Editor|x64
		{00144124-9DC8-4308-9265-3B6EBD23C9DB}.Development Editor|Win64.Build.0 = Development_Editor|x64
		{00144124-9DC8-4308-9265-3B6EBD23C9DB}.Development|HTML5.ActiveCfg = HTML5_Development|Win32
		{00144124-9DC8-4308-9265-3B6EBD23C9DB}.Development|HTML5.Build.0 = HTML5_Development|Win32
		{00144124-9DC8-4308-9265-3B6EBD23C9DB}.Development|Win32.ActiveCfg = Development|Win32
		{00144124-9DC8-4308-9265-3B6EBD23C9DB}.Development|Win32.Build.0 = Development|Win32
		{00144124-9DC8-4308-9265-3B6EBD23C9DB}.Development|Win64.ActiveCfg = Development|x64
		{00144124-9DC8-4308-9265-3B6EBD23C9DB}.Development|Win64.Build.0 = Development|x64
		{00144124-9DC8-4308-9265-3B6EBD23C9DB}.Shipping|HTML5.ActiveCfg = HTML5_Shipping|Win32
		{00144124-9DC8-4308-9265-3B6EBD23C9DB}.Shipping|HTML5.Build.0 = HTML5_Shipping|Win32
		{00144124-9DC8-4308-9265-3B6EBD23C9DB}.Shipping|Win32.ActiveCfg = Shipping|Win32
		{00144124-9DC8-4308-9265-3B6EBD23C9DB}.Shipping|Win32.Build.0 = Shipping|Win32
		{00144124-9DC8-4308-9265-3B6EBD23C9DB}.Shipping|Win64.ActiveCfg = Shipping|x64
		{00144124-9DC8-4308-9265-3B6EBD23C9DB}.Shipping|Win64.Build.0 = Shipping|x64
		{37E6D443-E130-4E2E-8046-1708C4D0777A}.DebugGame Editor|HTML5.ActiveCfg = BuiltWithUnrealBuildTool|Win32
		{37E6D443-E130-4E2E-8046-1708C4D0777A}.DebugGame Editor|Win32.ActiveCfg = BuiltWithUnrealBuildTool|Win32
		{37E6D443-E130-4E2E-8046-1708C4D0777A}.DebugGame Editor|Win64.ActiveCfg = BuiltWithUnrealBuildTool|Win32
		{37E6D443-E130-4E2E-8046-1708C4D0777A}.DebugGame|HTML5.ActiveCfg = BuiltWithUnrealBuildTool|Win32
		{37E6D443-E130-4E2E-8046-1708C4D0777A}.DebugGame|Win32.ActiveCfg = BuiltWithUnrealBuildTool|Win32
		{37E6D443-E130-4E2E-8046-1708C4D0777A}.DebugGame|Win64.ActiveCfg = BuiltWithUnrealBuildTool|Win32
		{37E6D443-E130-4E2E-8046-1708C4D0777A}.Development Editor|HTML5.ActiveCfg = BuiltWithUnrealBuildTool|Win32
		{37E6D443-E130-4E2E-8046-1708C4D0777A}.Development Editor|Win32.ActiveCfg = BuiltWithUnrealBuildTool|Win32
		{37E6D443-E130-4E2E-8046-1708C4D0777A}.Development Editor|Win64.ActiveCfg = BuiltWithUnrealBuildTool|Win32
		{37E6D443-E130-4E2E-8046-1708C4D0777A}.Development|HTML5.ActiveCfg = BuiltWithUnrealBuildTool|Win32
		{37E6D443-E130-4E2E-8046-1708C4D0777A}.Development|Win32.ActiveCfg = BuiltWithUnrealBuildTool|Win32
		{37E6D443-E130-4E2E-8046-1708C4D0777A}.Development|Win64.ActiveCfg = BuiltWithUnrealBuildTool|Win32
		{37E6D443-E130-4E2E-8046-1708C4D0777A}.Shipping|HTML5.ActiveCfg = BuiltWithUnrealBuildTool|Win32
		{37E6D443-E130-4E2E-8046-1708C4D0777A}.Shipping|Win32.ActiveCfg = BuiltWithUnrealBuildTool|Win32
		{37E6D443-E130-4E2E-8046-1708C4D0777A}.Shipping|Win64.ActiveCfg = BuiltWithUnrealBuildTool|Win32
	EndGlobalSection
	GlobalSection(SolutionProperties) = preSolution
		HideSolutionNode = FALSE
	EndGlobalSection
	GlobalSection(NestedProjects) = preSolution
		{37E6D443-E130-4E2E-8046-1708C4D0777A} = {32B63E26-5F94-4D17-8F92-19C2A86A8361}
		{00144124-9DC8-4308-9265-3B6EBD23C9DB} = {49974785-11CF-43E7-A950-121AD220E448}
	EndGlobalSection
EndGlobal
